// !$*UTF8*$!
{
	archiveVersion = 1;
	classes = {
	};
	objectVersion = 56;
	objects = {

/* Begin PBXBuildFile section */
		592B91B72B5E9A86003C69A4 /* UserViewModel.swift in Sources */ = {isa = PBXBuildFile; fileRef = 592B91B62B5E9A86003C69A4 /* UserViewModel.swift */; };
		59354F112B4C36310034876F /* LoginView.swift in Sources */ = {isa = PBXBuildFile; fileRef = 59354F102B4C36310034876F /* LoginView.swift */; };
		5958454E2B5165B80023CF17 /* UserService.swift in Sources */ = {isa = PBXBuildFile; fileRef = 5958454D2B5165B80023CF17 /* UserService.swift */; };
		595845502B5166D00023CF17 /* User.swift in Sources */ = {isa = PBXBuildFile; fileRef = 5958454F2B5166D00023CF17 /* User.swift */; };
		595845522B5167B80023CF17 /* Place.swift in Sources */ = {isa = PBXBuildFile; fileRef = 595845512B5167B80023CF17 /* Place.swift */; };
		595845542B516CE90023CF17 /* PlaceService.swift in Sources */ = {isa = PBXBuildFile; fileRef = 595845532B516CE90023CF17 /* PlaceService.swift */; };
		59648A192B27532000811F1C /* MapProjectAlt1App.swift in Sources */ = {isa = PBXBuildFile; fileRef = 59648A182B27532000811F1C /* MapProjectAlt1App.swift */; };
		59648A1B2B27532000811F1C /* ContentView.swift in Sources */ = {isa = PBXBuildFile; fileRef = 59648A1A2B27532000811F1C /* ContentView.swift */; };
		59648A1D2B27532100811F1C /* Assets.xcassets in Resources */ = {isa = PBXBuildFile; fileRef = 59648A1C2B27532100811F1C /* Assets.xcassets */; };
		59648A202B27532100811F1C /* Preview Assets.xcassets in Resources */ = {isa = PBXBuildFile; fileRef = 59648A1F2B27532100811F1C /* Preview Assets.xcassets */; };
		59EDC1C02B627900008751A4 /* PlaceView.swift in Sources */ = {isa = PBXBuildFile; fileRef = 59EDC1BF2B627900008751A4 /* PlaceView.swift */; };
		59EDC1C22B627A06008751A4 /* PlaceViewModel.swift in Sources */ = {isa = PBXBuildFile; fileRef = 59EDC1C12B627A06008751A4 /* PlaceViewModel.swift */; };
/* End PBXBuildFile section */

/* Begin PBXFileReference section */
		592B91B62B5E9A86003C69A4 /* UserViewModel.swift */ = {isa = PBXFileReference; lastKnownFileType = sourcecode.swift; path = UserViewModel.swift; sourceTree = "<group>"; };
		59354F102B4C36310034876F /* LoginView.swift */ = {isa = PBXFileReference; lastKnownFileType = sourcecode.swift; path = LoginView.swift; sourceTree = "<group>"; };
		5958454D2B5165B80023CF17 /* UserService.swift */ = {isa = PBXFileReference; lastKnownFileType = sourcecode.swift; path = UserService.swift; sourceTree = "<group>"; };
		5958454F2B5166D00023CF17 /* User.swift */ = {isa = PBXFileReference; lastKnownFileType = sourcecode.swift; path = User.swift; sourceTree = "<group>"; };
		595845512B5167B80023CF17 /* Place.swift */ = {isa = PBXFileReference; lastKnownFileType = sourcecode.swift; path = Place.swift; sourceTree = "<group>"; };
		595845532B516CE90023CF17 /* PlaceService.swift */ = {isa = PBXFileReference; lastKnownFileType = sourcecode.swift; path = PlaceService.swift; sourceTree = "<group>"; };
		59648A152B27532000811F1C /* MapProjectAlt1.app */ = {isa = PBXFileReference; explicitFileType = wrapper.application; includeInIndex = 0; path = MapProjectAlt1.app; sourceTree = BUILT_PRODUCTS_DIR; };
		59648A182B27532000811F1C /* MapProjectAlt1App.swift */ = {isa = PBXFileReference; lastKnownFileType = sourcecode.swift; path = MapProjectAlt1App.swift; sourceTree = "<group>"; };
		59648A1A2B27532000811F1C /* ContentView.swift */ = {isa = PBXFileReference; lastKnownFileType = sourcecode.swift; path = ContentView.swift; sourceTree = "<group>"; };
		59648A1C2B27532100811F1C /* Assets.xcassets */ = {isa = PBXFileReference; lastKnownFileType = folder.assetcatalog; path = Assets.xcassets; sourceTree = "<group>"; };
		59648A1F2B27532100811F1C /* Preview Assets.xcassets */ = {isa = PBXFileReference; lastKnownFileType = folder.assetcatalog; path = "Preview Assets.xcassets"; sourceTree = "<group>"; };
		59EDC1BF2B627900008751A4 /* PlaceView.swift */ = {isa = PBXFileReference; lastKnownFileType = sourcecode.swift; path = PlaceView.swift; sourceTree = "<group>"; };
		59EDC1C12B627A06008751A4 /* PlaceViewModel.swift */ = {isa = PBXFileReference; lastKnownFileType = sourcecode.swift; path = PlaceViewModel.swift; sourceTree = "<group>"; };
/* End PBXFileReference section */

/* Begin PBXFrameworksBuildPhase section */
		59648A122B27532000811F1C /* Frameworks */ = {
			isa = PBXFrameworksBuildPhase;
			buildActionMask = 2147483647;
			files = (
			);
			runOnlyForDeploymentPostprocessing = 0;
		};
/* End PBXFrameworksBuildPhase section */

/* Begin PBXGroup section */
		59648A0C2B27532000811F1C = {
			isa = PBXGroup;
			children = (
				59648A172B27532000811F1C /* MapProjectAlt1 */,
				59648A162B27532000811F1C /* Products */,
			);
			sourceTree = "<group>";
		};
		59648A162B27532000811F1C /* Products */ = {
			isa = PBXGroup;
			children = (
				59648A152B27532000811F1C /* MapProjectAlt1.app */,
			);
			name = Products;
			sourceTree = "<group>";
		};
		59648A172B27532000811F1C /* MapProjectAlt1 */ = {
			isa = PBXGroup;
			children = (
				59648A292B27547500811F1C /* Models */,
				59648A282B27546800811F1C /* ViewModels */,
				59648A272B27545400811F1C /* Views */,
				59648A262B27544800811F1C /* Services */,
				59648A182B27532000811F1C /* MapProjectAlt1App.swift */,
				59648A1C2B27532100811F1C /* Assets.xcassets */,
				59648A1E2B27532100811F1C /* Preview Content */,
			);
			path = MapProjectAlt1;
			sourceTree = "<group>";
		};
		59648A1E2B27532100811F1C /* Preview Content */ = {
			isa = PBXGroup;
			children = (
				59648A1F2B27532100811F1C /* Preview Assets.xcassets */,
			);
			path = "Preview Content";
			sourceTree = "<group>";
		};
		59648A262B27544800811F1C /* Services */ = {
			isa = PBXGroup;
			children = (
				5958454D2B5165B80023CF17 /* UserService.swift */,
				595845532B516CE90023CF17 /* PlaceService.swift */,
			);
			path = Services;
			sourceTree = "<group>";
		};
		59648A272B27545400811F1C /* Views */ = {
			isa = PBXGroup;
			children = (
				59648A1A2B27532000811F1C /* ContentView.swift */,
				59354F102B4C36310034876F /* LoginView.swift */,
				59EDC1BF2B627900008751A4 /* PlaceView.swift */,
			);
			path = Views;
			sourceTree = "<group>";
		};
		59648A282B27546800811F1C /* ViewModels */ = {
			isa = PBXGroup;
			children = (
				592B91B62B5E9A86003C69A4 /* UserViewModel.swift */,
				59EDC1C12B627A06008751A4 /* PlaceViewModel.swift */,
			);
			path = ViewModels;
			sourceTree = "<group>";
		};
		59648A292B27547500811F1C /* Models */ = {
			isa = PBXGroup;
			children = (
				5958454F2B5166D00023CF17 /* User.swift */,
				595845512B5167B80023CF17 /* Place.swift */,
			);
			path = Models;
			sourceTree = "<group>";
		};
/* End PBXGroup section */

/* Begin PBXNativeTarget section */
		59648A142B27532000811F1C /* MapProjectAlt1 */ = {
			isa = PBXNativeTarget;
			buildConfigurationList = 59648A232B27532100811F1C /* Build configuration list for PBXNativeTarget "MapProjectAlt1" */;
			buildPhases = (
				59648A112B27532000811F1C /* Sources */,
				59648A122B27532000811F1C /* Frameworks */,
				59648A132B27532000811F1C /* Resources */,
			);
			buildRules = (
			);
			dependencies = (
			);
			name = MapProjectAlt1;
			productName = MapProjectAlt1;
			productReference = 59648A152B27532000811F1C /* MapProjectAlt1.app */;
			productType = "com.apple.product-type.application";
		};
/* End PBXNativeTarget section */

/* Begin PBXProject section */
		59648A0D2B27532000811F1C /* Project object */ = {
			isa = PBXProject;
			attributes = {
				BuildIndependentTargetsInParallel = 1;
				LastSwiftUpdateCheck = 1430;
				LastUpgradeCheck = 1430;
				TargetAttributes = {
					59648A142B27532000811F1C = {
						CreatedOnToolsVersion = 14.3.1;
					};
				};
			};
			buildConfigurationList = 59648A102B27532000811F1C /* Build configuration list for PBXProject "MapProjectAlt1" */;
			compatibilityVersion = "Xcode 14.0";
			developmentRegion = en;
			hasScannedForEncodings = 0;
			knownRegions = (
				en,
				Base,
			);
			mainGroup = 59648A0C2B27532000811F1C;
			productRefGroup = 59648A162B27532000811F1C /* Products */;
			projectDirPath = "";
			projectRoot = "";
			targets = (
				59648A142B27532000811F1C /* MapProjectAlt1 */,
			);
		};
/* End PBXProject section */

/* Begin PBXResourcesBuildPhase section */
		59648A132B27532000811F1C /* Resources */ = {
			isa = PBXResourcesBuildPhase;
			buildActionMask = 2147483647;
			files = (
				59648A202B27532100811F1C /* Preview Assets.xcassets in Resources */,
				59648A1D2B27532100811F1C /* Assets.xcassets in Resources */,
			);
			runOnlyForDeploymentPostprocessing = 0;
		};
/* End PBXResourcesBuildPhase section */

/* Begin PBXSourcesBuildPhase section */
		59648A112B27532000811F1C /* Sources */ = {
			isa = PBXSourcesBuildPhase;
			buildActionMask = 2147483647;
			files = (
				5958454E2B5165B80023CF17 /* UserService.swift in Sources */,
				592B91B72B5E9A86003C69A4 /* UserViewModel.swift in Sources */,
				595845542B516CE90023CF17 /* PlaceService.swift in Sources */,
				59EDC1C02B627900008751A4 /* PlaceView.swift in Sources */,
				59354F112B4C36310034876F /* LoginView.swift in Sources */,
				59648A1B2B27532000811F1C /* ContentView.swift in Sources */,
				59EDC1C22B627A06008751A4 /* PlaceViewModel.swift in Sources */,
				595845522B5167B80023CF17 /* Place.swift in Sources */,
				595845502B5166D00023CF17 /* User.swift in Sources */,
				59648A192B27532000811F1C /* MapProjectAlt1App.swift in Sources */,
			);
			runOnlyForDeploymentPostprocessing = 0;
		};
/* End PBXSourcesBuildPhase section */

/* Begin XCBuildConfiguration section */
		59648A212B27532100811F1C /* Debug */ = {
			isa = XCBuildConfiguration;
			buildSettings = {
				ALWAYS_SEARCH_USER_PATHS = NO;
				CLANG_ANALYZER_NONNULL = YES;
				CLANG_ANALYZER_NUMBER_OBJECT_CONVERSION = YES_AGGRESSIVE;
				CLANG_CXX_LANGUAGE_STANDARD = "gnu++20";
				CLANG_ENABLE_MODULES = YES;
				CLANG_ENABLE_OBJC_ARC = YES;
				CLANG_ENABLE_OBJC_WEAK = YES;
				CLANG_WARN_BLOCK_CAPTURE_AUTORELEASING = YES;
				CLANG_WARN_BOOL_CONVERSION = YES;
				CLANG_WARN_COMMA = YES;
				CLANG_WARN_CONSTANT_CONVERSION = YES;
				CLANG_WARN_DEPRECATED_OBJC_IMPLEMENTATIONS = YES;
				CLANG_WARN_DIRECT_OBJC_ISA_USAGE = YES_ERROR;
				CLANG_WARN_DOCUMENTATION_COMMENTS = YES;
				CLANG_WARN_EMPTY_BODY = YES;
				CLANG_WARN_ENUM_CONVERSION = YES;
				CLANG_WARN_INFINITE_RECURSION = YES;
				CLANG_WARN_INT_CONVERSION = YES;
				CLANG_WARN_NON_LITERAL_NULL_CONVERSION = YES;
				CLANG_WARN_OBJC_IMPLICIT_RETAIN_SELF = YES;
				CLANG_WARN_OBJC_LITERAL_CONVERSION = YES;
				CLANG_WARN_OBJC_ROOT_CLASS = YES_ERROR;
				CLANG_WARN_QUOTED_INCLUDE_IN_FRAMEWORK_HEADER = YES;
				CLANG_WARN_RANGE_LOOP_ANALYSIS = YES;
				CLANG_WARN_STRICT_PROTOTYPES = YES;
				CLANG_WARN_SUSPICIOUS_MOVE = YES;
				CLANG_WARN_UNGUARDED_AVAILABILITY = YES_AGGRESSIVE;
				CLANG_WARN_UNREACHABLE_CODE = YES;
				CLANG_WARN__DUPLICATE_METHOD_MATCH = YES;
				COPY_PHASE_STRIP = NO;
				DEBUG_INFORMATION_FORMAT = dwarf;
				ENABLE_STRICT_OBJC_MSGSEND = YES;
				ENABLE_TESTABILITY = YES;
				GCC_C_LANGUAGE_STANDARD = gnu11;
				GCC_DYNAMIC_NO_PIC = NO;
				GCC_NO_COMMON_BLOCKS = YES;
				GCC_OPTIMIZATION_LEVEL = 0;
				GCC_PREPROCESSOR_DEFINITIONS = (
					"DEBUG=1",
					"$(inherited)",
				);
				GCC_WARN_64_TO_32_BIT_CONVERSION = YES;
				GCC_WARN_ABOUT_RETURN_TYPE = YES_ERROR;
				GCC_WARN_UNDECLARED_SELECTOR = YES;
				GCC_WARN_UNINITIALIZED_AUTOS = YES_AGGRESSIVE;
				GCC_WARN_UNUSED_FUNCTION = YES;
				GCC_WARN_UNUSED_VARIABLE = YES;
				IPHONEOS_DEPLOYMENT_TARGET = 16.4;
				MTL_ENABLE_DEBUG_INFO = INCLUDE_SOURCE;
				MTL_FAST_MATH = YES;
				ONLY_ACTIVE_ARCH = YES;
				SDKROOT = iphoneos;
				SWIFT_ACTIVE_COMPILATION_CONDITIONS = DEBUG;
				SWIFT_OPTIMIZATION_LEVEL = "-Onone";
			};
			name = Debug;
		};
		59648A222B27532100811F1C /* Release */ = {
			isa = XCBuildConfiguration;
			buildSettings = {
				ALWAYS_SEARCH_USER_PATHS = NO;
				CLANG_ANALYZER_NONNULL = YES;
				CLANG_ANALYZER_NUMBER_OBJECT_CONVERSION = YES_AGGRESSIVE;
				CLANG_CXX_LANGUAGE_STANDARD = "gnu++20";
				CLANG_ENABLE_MODULES = YES;
				CLANG_ENABLE_OBJC_ARC = YES;
				CLANG_ENABLE_OBJC_WEAK = YES;
				CLANG_WARN_BLOCK_CAPTURE_AUTORELEASING = YES;
				CLANG_WARN_BOOL_CONVERSION = YES;
				CLANG_WARN_COMMA = YES;
				CLANG_WARN_CONSTANT_CONVERSION = YES;
				CLANG_WARN_DEPRECATED_OBJC_IMPLEMENTATIONS = YES;
				CLANG_WARN_DIRECT_OBJC_ISA_USAGE = YES_ERROR;
				CLANG_WARN_DOCUMENTATION_COMMENTS = YES;
				CLANG_WARN_EMPTY_BODY = YES;
				CLANG_WARN_ENUM_CONVERSION = YES;
				CLANG_WARN_INFINITE_RECURSION = YES;
				CLANG_WARN_INT_CONVERSION = YES;
				CLANG_WARN_NON_LITERAL_NULL_CONVERSION = YES;
				CLANG_WARN_OBJC_IMPLICIT_RETAIN_SELF = YES;
				CLANG_WARN_OBJC_LITERAL_CONVERSION = YES;
				CLANG_WARN_OBJC_ROOT_CLASS = YES_ERROR;
				CLANG_WARN_QUOTED_INCLUDE_IN_FRAMEWORK_HEADER = YES;
				CLANG_WARN_RANGE_LOOP_ANALYSIS = YES;
				CLANG_WARN_STRICT_PROTOTYPES = YES;
				CLANG_WARN_SUSPICIOUS_MOVE = YES;
				CLANG_WARN_UNGUARDED_AVAILABILITY = YES_AGGRESSIVE;
				CLANG_WARN_UNREACHABLE_CODE = YES;
				CLANG_WARN__DUPLICATE_METHOD_MATCH = YES;
				COPY_PHASE_STRIP = NO;
				DEBUG_INFORMATION_FORMAT = "dwarf-with-dsym";
				ENABLE_NS_ASSERTIONS = NO;
				ENABLE_STRICT_OBJC_MSGSEND = YES;
				GCC_C_LANGUAGE_STANDARD = gnu11;
				GCC_NO_COMMON_BLOCKS = YES;
				GCC_WARN_64_TO_32_BIT_CONVERSION = YES;
				GCC_WARN_ABOUT_RETURN_TYPE = YES_ERROR;
				GCC_WARN_UNDECLARED_SELECTOR = YES;
				GCC_WARN_UNINITIALIZED_AUTOS = YES_AGGRESSIVE;
				GCC_WARN_UNUSED_FUNCTION = YES;
				GCC_WARN_UNUSED_VARIABLE = YES;
				IPHONEOS_DEPLOYMENT_TARGET = 16.4;
				MTL_ENABLE_DEBUG_INFO = NO;
				MTL_FAST_MATH = YES;
				SDKROOT = iphoneos;
				SWIFT_COMPILATION_MODE = wholemodule;
				SWIFT_OPTIMIZATION_LEVEL = "-O";
				VALIDATE_PRODUCT = YES;
			};
			name = Release;
		};
		59648A242B27532100811F1C /* Debug */ = {
			isa = XCBuildConfiguration;
			buildSettings = {
				ASSETCATALOG_COMPILER_APPICON_NAME = AppIcon;
				ASSETCATALOG_COMPILER_GLOBAL_ACCENT_COLOR_NAME = AccentColor;
				CODE_SIGN_STYLE = Automatic;
				CURRENT_PROJECT_VERSION = 1;
				DEVELOPMENT_ASSET_PATHS = "\"MapProjectAlt1/Preview Content\"";
				ENABLE_PREVIEWS = YES;
				GENERATE_INFOPLIST_FILE = YES;
				INFOPLIST_KEY_UIApplicationSceneManifest_Generation = YES;
				INFOPLIST_KEY_UIApplicationSupportsIndirectInputEvents = YES;
				INFOPLIST_KEY_UILaunchScreen_Generation = YES;
				INFOPLIST_KEY_UISupportedInterfaceOrientations_iPad = "UIInterfaceOrientationPortrait UIInterfaceOrientationPortraitUpsideDown UIInterfaceOrientationLandscapeLeft UIInterfaceOrientationLandscapeRight";
				INFOPLIST_KEY_UISupportedInterfaceOrientations_iPhone = "UIInterfaceOrientationPortrait UIInterfaceOrientationLandscapeLeft UIInterfaceOrientationLandscapeRight";
				LD_RUNPATH_SEARCH_PATHS = (
					"$(inherited)",
					"@executable_path/Frameworks",
				);
				MARKETING_VERSION = 1.0;
				PRODUCT_BUNDLE_IDENTIFIER = maxthom.MapProjectAlt1;
				PRODUCT_NAME = "$(TARGET_NAME)";
				SWIFT_EMIT_LOC_STRINGS = YES;
				SWIFT_VERSION = 5.0;
				TARGETED_DEVICE_FAMILY = "1,2";
			};
			name = Debug;
		};
		59648A252B27532100811F1C /* Release */ = {
			isa = XCBuildConfiguration;
			buildSettings = {
				ASSETCATALOG_COMPILER_APPICON_NAME = AppIcon;
				ASSETCATALOG_COMPILER_GLOBAL_ACCENT_COLOR_NAME = AccentColor;
				CODE_SIGN_STYLE = Automatic;
				CURRENT_PROJECT_VERSION = 1;
				DEVELOPMENT_ASSET_PATHS = "\"MapProjectAlt1/Preview Content\"";
				ENABLE_PREVIEWS = YES;
				GENERATE_INFOPLIST_FILE = YES;
				INFOPLIST_KEY_UIApplicationSceneManifest_Generation = YES;
				INFOPLIST_KEY_UIApplicationSupportsIndirectInputEvents = YES;
				INFOPLIST_KEY_UILaunchScreen_Generation = YES;
				INFOPLIST_KEY_UISupportedInterfaceOrientations_iPad = "UIInterfaceOrientationPortrait UIInterfaceOrientationPortraitUpsideDown UIInterfaceOrientationLandscapeLeft UIInterfaceOrientationLandscapeRight";
				INFOPLIST_KEY_UISupportedInterfaceOrientations_iPhone = "UIInterfaceOrientationPortrait UIInterfaceOrientationLandscapeLeft UIInterfaceOrientationLandscapeRight";
				LD_RUNPATH_SEARCH_PATHS = (
					"$(inherited)",
					"@executable_path/Frameworks",
				);
				MARKETING_VERSION = 1.0;
				PRODUCT_BUNDLE_IDENTIFIER = maxthom.MapProjectAlt1;
				PRODUCT_NAME = "$(TARGET_NAME)";
				SWIFT_EMIT_LOC_STRINGS = YES;
				SWIFT_VERSION = 5.0;
				TARGETED_DEVICE_FAMILY = "1,2";
			};
			name = Release;
		};
/* End XCBuildConfiguration section */

/* Begin XCConfigurationList section */
		59648A102B27532000811F1C /* Build configuration list for PBXProject "MapProjectAlt1" */ = {
			isa = XCConfigurationList;
			buildConfigurations = (
				59648A212B27532100811F1C /* Debug */,
				59648A222B27532100811F1C /* Release */,
			);
			defaultConfigurationIsVisible = 0;
			defaultConfigurationName = Release;
		};
		59648A232B27532100811F1C /* Build configuration list for PBXNativeTarget "MapProjectAlt1" */ = {
			isa = XCConfigurationList;
			buildConfigurations = (
				59648A242B27532100811F1C /* Debug */,
				59648A252B27532100811F1C /* Release */,
			);
			defaultConfigurationIsVisible = 0;
			defaultConfigurationName = Release;
		};
/* End XCConfigurationList section */
	};
	rootObject = 59648A0D2B27532000811F1C /* Project object */;
}
